
Microsoft Visual Studio Solution File, Format Version 12.00
# Visual Studio Version 16
VisualStudioVersion = 16.0.29519.87
MinimumVisualStudioVersion = 10.0.40219.1
Project("{9A19103F-16F7-4668-BE54-9A1E7A4F7556}") = "IdentityByExamples", "IdentityByExamples\IdentityByExamples.csproj", "{166DD728-A468-4863-9522-AEA30C752780}"
EndProject
Project("{9A19103F-16F7-4668-BE54-9A1E7A4F7556}") = "EmailService", "..\..\2022108_SimpleEmailApp-Core5-codemaze\EmailApp\EmailService\EmailService.csproj", "{FFB633A3-F828-4EC0-983C-2E6A27060FC9}"
EndProject
Global
	GlobalSection(SolutionConfigurationPlatforms) = preSolution
		Debug|Any CPU = Debug|Any CPU
		Release|Any CPU = Release|Any CPU
	EndGlobalSection
	GlobalSection(ProjectConfigurationPlatforms) = postSolution
		{166DD728-A468-4863-9522-AEA30C752780}.Debug|Any CPU.ActiveCfg = Debug|Any CPU
		{166DD728-A468-4863-9522-AEA30C752780}.Debug|Any CPU.Build.0 = Debug|Any CPU
		{166DD728-A468-4863-9522-AEA30C752780}.Release|Any CPU.ActiveCfg = Release|Any CPU
		{166DD728-A468-4863-9522-AEA30C752780}.Release|Any CPU.Build.0 = Release|Any CPU
		{FFB633A3-F828-4EC0-983C-2E6A27060FC9}.Debug|Any CPU.ActiveCfg = Debug|Any CPU
		{FFB633A3-F828-4EC0-983C-2E6A27060FC9}.Debug|Any CPU.Build.0 = Debug|Any CPU
		{FFB633A3-F828-4EC0-983C-2E6A27060FC9}.Release|Any CPU.ActiveCfg = Release|Any CPU
		{FFB633A3-F828-4EC0-983C-2E6A27060FC9}.Release|Any CPU.Build.0 = Release|Any CPU
	EndGlobalSection
	GlobalSection(SolutionProperties) = preSolution
		HideSolutionNode = FALSE
	EndGlobalSection
	GlobalSection(ExtensibilityGlobals) = postSolution
		SolutionGuid = {30FE64B3-BC4B-4243-AACA-C30C064BC7D9}
	EndGlobalSection
EndGlobal
